// !$*UTF8*$!
{
	archiveVersion = 1;
	classes = {
	};
	objectVersion = 50;
	objects = {

/* Begin PBXBuildFile section */
		71525BBB2566390A00A61206 /* AppDelegate.swift in Sources */ = {isa = PBXBuildFile; fileRef = 71525BBA2566390A00A61206 /* AppDelegate.swift */; };
		71525BBD2566390A00A61206 /* SceneDelegate.swift in Sources */ = {isa = PBXBuildFile; fileRef = 71525BBC2566390A00A61206 /* SceneDelegate.swift */; };
		71525BBF2566390A00A61206 /* ViewController.swift in Sources */ = {isa = PBXBuildFile; fileRef = 71525BBE2566390A00A61206 /* ViewController.swift */; };
		71525BC22566390A00A61206 /* Main.storyboard in Resources */ = {isa = PBXBuildFile; fileRef = 71525BC02566390A00A61206 /* Main.storyboard */; };
		71525BC42566390D00A61206 /* Assets.xcassets in Resources */ = {isa = PBXBuildFile; fileRef = 71525BC32566390D00A61206 /* Assets.xcassets */; };
		71525BC72566390D00A61206 /* LaunchScreen.storyboard in Resources */ = {isa = PBXBuildFile; fileRef = 71525BC52566390D00A61206 /* LaunchScreen.storyboard */; };
		9F462EC9574C873EF1059C5A /* Pods_TestingSVProgress.framework in Frameworks */ = {isa = PBXBuildFile; fileRef = DA9307B28F711259D885DEB6 /* Pods_TestingSVProgress.framework */; };
/* End PBXBuildFile section */

/* Begin PBXFileReference section */
		573DF9B27FF26A3D23A51814 /* Pods-TestingSVProgress.release.xcconfig */ = {isa = PBXFileReference; includeInIndex = 1; lastKnownFileType = text.xcconfig; name = "Pods-TestingSVProgress.release.xcconfig"; path = "Target Support Files/Pods-TestingSVProgress/Pods-TestingSVProgress.release.xcconfig"; sourceTree = "<group>"; };
		71525BB72566390A00A61206 /* TestingSVProgress.app */ = {isa = PBXFileReference; explicitFileType = wrapper.application; includeInIndex = 0; path = TestingSVProgress.app; sourceTree = BUILT_PRODUCTS_DIR; };
		71525BBA2566390A00A61206 /* AppDelegate.swift */ = {isa = PBXFileReference; lastKnownFileType = sourcecode.swift; path = AppDelegate.swift; sourceTree = "<group>"; };
		71525BBC2566390A00A61206 /* SceneDelegate.swift */ = {isa = PBXFileReference; lastKnownFileType = sourcecode.swift; path = SceneDelegate.swift; sourceTree = "<group>"; };
		71525BBE2566390A00A61206 /* ViewController.swift */ = {isa = PBXFileReference; lastKnownFileType = sourcecode.swift; path = ViewController.swift; sourceTree = "<group>"; };
		71525BC12566390A00A61206 /* Base */ = {isa = PBXFileReference; lastKnownFileType = file.storyboard; name = Base; path = Base.lproj/Main.storyboard; sourceTree = "<group>"; };
		71525BC32566390D00A61206 /* Assets.xcassets */ = {isa = PBXFileReference; lastKnownFileType = folder.assetcatalog; path = Assets.xcassets; sourceTree = "<group>"; };
		71525BC62566390D00A61206 /* Base */ = {isa = PBXFileReference; lastKnownFileType = file.storyboard; name = Base; path = Base.lproj/LaunchScreen.storyboard; sourceTree = "<group>"; };
		71525BC82566390D00A61206 /* Info.plist */ = {isa = PBXFileReference; lastKnownFileType = text.plist.xml; path = Info.plist; sourceTree = "<group>"; };
		DA9307B28F711259D885DEB6 /* Pods_TestingSVProgress.framework */ = {isa = PBXFileReference; explicitFileType = wrapper.framework; includeInIndex = 0; path = Pods_TestingSVProgress.framework; sourceTree = BUILT_PRODUCTS_DIR; };
		F783786F608EB62FDA9B206A /* Pods-TestingSVProgress.debug.xcconfig */ = {isa = PBXFileReference; includeInIndex = 1; lastKnownFileType = text.xcconfig; name = "Pods-TestingSVProgress.debug.xcconfig"; path = "Target Support Files/Pods-TestingSVProgress/Pods-TestingSVProgress.debug.xcconfig"; sourceTree = "<group>"; };
/* End PBXFileReference section */

/* Begin PBXFrameworksBuildPhase section */
		71525BB42566390A00A61206 /* Frameworks */ = {
			isa = PBXFrameworksBuildPhase;
			buildActionMask = 2147483647;
			files = (
				9F462EC9574C873EF1059C5A /* Pods_TestingSVProgress.framework in Frameworks */,
			);
			runOnlyForDeploymentPostprocessing = 0;
		};
/* End PBXFrameworksBuildPhase section */

/* Begin PBXGroup section */
		4509CC3238531E1BAA8EC0B7 /* Pods */ = {
			isa = PBXGroup;
			children = (
				F783786F608EB62FDA9B206A /* Pods-TestingSVProgress.debug.xcconfig */,
				573DF9B27FF26A3D23A51814 /* Pods-TestingSVProgress.release.xcconfig */,
			);
			name = Pods;
			path = Pods;
			sourceTree = "<group>";
		};
		71525BAE2566390A00A61206 = {
			isa = PBXGroup;
			children = (
				71525BB92566390A00A61206 /* TestingSVProgress */,
				71525BB82566390A00A61206 /* Products */,
				4509CC3238531E1BAA8EC0B7 /* Pods */,
				7C12331C6ECC05EF55556B72 /* Frameworks */,
			);
			sourceTree = "<group>";
		};
		71525BB82566390A00A61206 /* Products */ = {
			isa = PBXGroup;
			children = (
				71525BB72566390A00A61206 /* TestingSVProgress.app */,
			);
			name = Products;
			sourceTree = "<group>";
		};
		71525BB92566390A00A61206 /* TestingSVProgress */ = {
			isa = PBXGroup;
			children = (
				71525BBA2566390A00A61206 /* AppDelegate.swift */,
				71525BBC2566390A00A61206 /* SceneDelegate.swift */,
				71525BBE2566390A00A61206 /* ViewController.swift */,
				71525BC02566390A00A61206 /* Main.storyboard */,
				71525BC32566390D00A61206 /* Assets.xcassets */,
				71525BC52566390D00A61206 /* LaunchScreen.storyboard */,
				71525BC82566390D00A61206 /* Info.plist */,
			);
			path = TestingSVProgress;
			sourceTree = "<group>";
		};
		7C12331C6ECC05EF55556B72 /* Frameworks */ = {
			isa = PBXGroup;
			children = (
				DA9307B28F711259D885DEB6 /* Pods_TestingSVProgress.framework */,
			);
			name = Frameworks;
			sourceTree = "<group>";
		};
/* End PBXGroup section */

/* Begin PBXNativeTarget section */
		71525BB62566390A00A61206 /* TestingSVProgress */ = {
			isa = PBXNativeTarget;
			buildConfigurationList = 71525BCB2566390D00A61206 /* Build configuration list for PBXNativeTarget "TestingSVProgress" */;
			buildPhases = (
				B30714B4738052939EA076FA /* [CP] Check Pods Manifest.lock */,
				71525BB32566390A00A61206 /* Sources */,
				71525BB42566390A00A61206 /* Frameworks */,
				71525BB52566390A00A61206 /* Resources */,
				EF5E4B88208D8C008CB8789A /* [CP] Embed Pods Frameworks */,
			);
			buildRules = (
			);
			dependencies = (
			);
			name = TestingSVProgress;
			productName = TestingSVProgress;
			productReference = 71525BB72566390A00A61206 /* TestingSVProgress.app */;
			productType = "com.apple.product-type.application";
		};
/* End PBXNativeTarget section */

/* Begin PBXProject section */
		71525BAF2566390A00A61206 /* Project object */ = {
			isa = PBXProject;
			attributes = {
				LastSwiftUpdateCheck = 1200;
				LastUpgradeCheck = 1200;
				TargetAttributes = {
					71525BB62566390A00A61206 = {
						CreatedOnToolsVersion = 12.0.1;
					};
				};
			};
			buildConfigurationList = 71525BB22566390A00A61206 /* Build configuration list for PBXProject "TestingSVProgress" */;
			compatibilityVersion = "Xcode 9.3";
			developmentRegion = en;
			hasScannedForEncodings = 0;
			knownRegions = (
				en,
				Base,
			);
			mainGroup = 71525BAE2566390A00A61206;
			productRefGroup = 71525BB82566390A00A61206 /* Products */;
			projectDirPath = "";
			projectRoot = "";
			targets = (
				71525BB62566390A00A61206 /* TestingSVProgress */,
			);
		};
/* End PBXProject section */

/* Begin PBXResourcesBuildPhase section */
		71525BB52566390A00A61206 /* Resources */ = {
			isa = PBXResourcesBuildPhase;
			buildActionMask = 2147483647;
			files = (
				71525BC72566390D00A61206 /* LaunchScreen.storyboard in Resources */,
				71525BC42566390D00A61206 /* Assets.xcassets in Resources */,
				71525BC22566390A00A61206 /* Main.storyboard in Resources */,
			);
			runOnlyForDeploymentPostprocessing = 0;
		};
/* End PBXResourcesBuildPhase section */

/* Begin PBXShellScriptBuildPhase section */
		B30714B4738052939EA076FA /* [CP] Check Pods Manifest.lock */ = {
			isa = PBXShellScriptBuildPhase;
			buildActionMask = 2147483647;
			files = (
			);
			inputFileListPaths = (
			);
			inputPaths = (
				"${PODS_PODFILE_DIR_PATH}/Podfile.lock",
				"${PODS_ROOT}/Manifest.lock",
			);
			name = "[CP] Check Pods Manifest.lock";
			outputFileListPaths = (
			);
			outputPaths = (
				"$(DERIVED_FILE_DIR)/Pods-TestingSVProgress-checkManifestLockResult.txt",
			);
			runOnlyForDeploymentPostprocessing = 0;
			shellPath = /bin/sh;
			shellScript = "diff \"${PODS_PODFILE_DIR_PATH}/Podfile.lock\" \"${PODS_ROOT}/Manifest.lock\" > /dev/null\nif [ $? != 0 ] ; then\n    # print error to STDERR\n    echo \"error: The sandbox is not in sync with the Podfile.lock. Run 'pod install' or update your CocoaPods installation.\" >&2\n    exit 1\nfi\n# This output is used by Xcode 'outputs' to avoid re-running this script phase.\necho \"SUCCESS\" > \"${SCRIPT_OUTPUT_FILE_0}\"\n";
			showEnvVarsInLog = 0;
		};
		EF5E4B88208D8C008CB8789A /* [CP] Embed Pods Frameworks */ = {
			isa = PBXShellScriptBuildPhase;
			buildActionMask = 2147483647;
			files = (
			);
			inputFileListPaths = (
				"${PODS_ROOT}/Target Support Files/Pods-TestingSVProgress/Pods-TestingSVProgress-frameworks-${CONFIGURATION}-input-files.xcfilelist",
			);
			name = "[CP] Embed Pods Frameworks";
			outputFileListPaths = (
				"${PODS_ROOT}/Target Support Files/Pods-TestingSVProgress/Pods-TestingSVProgress-frameworks-${CONFIGURATION}-output-files.xcfilelist",
			);
			runOnlyForDeploymentPostprocessing = 0;
			shellPath = /bin/sh;
			shellScript = "\"${PODS_ROOT}/Target Support Files/Pods-TestingSVProgress/Pods-TestingSVProgress-frameworks.sh\"\n";
			showEnvVarsInLog = 0;
		};
/* End PBXShellScriptBuildPhase section */

/* Begin PBXSourcesBuildPhase section */
		71525BB32566390A00A61206 /* Sources */ = {
			isa = PBXSourcesBuildPhase;
			buildActionMask = 2147483647;
			files = (
				71525BBF2566390A00A61206 /* ViewController.swift in Sources */,
				71525BBB2566390A00A61206 /* AppDelegate.swift in Sources */,
				71525BBD2566390A00A61206 /* SceneDelegate.swift in Sources */,
			);
			runOnlyForDeploymentPostprocessing = 0;
		};
/* End PBXSourcesBuildPhase section */

/* Begin PBXVariantGroup section */
		71525BC02566390A00A61206 /* Main.storyboard */ = {
			isa = PBXVariantGroup;
			children = (
				71525BC12566390A00A61206 /* Base */,
			);
			name = Main.storyboard;
			sourceTree = "<group>";
		};
		71525BC52566390D00A61206 /* LaunchScreen.storyboard */ = {
			isa = PBXVariantGroup;
			children = (
				71525BC62566390D00A61206 /* Base */,
			);
			name = LaunchScreen.storyboard;
			sourceTree = "<group>";
		};
/* End PBXVariantGroup section */

/* Begin XCBuildConfiguration section */
		71525BC92566390D00A61206 /* Debug */ = {
			isa = XCBuildConfiguration;
			buildSettings = {
				ALWAYS_SEARCH_USER_PATHS = NO;
				CLANG_ANALYZER_NONNULL = YES;
				CLANG_ANALYZER_NUMBER_OBJECT_CONVERSION = YES_AGGRESSIVE;
				CLANG_CXX_LANGUAGE_STANDARD = "gnu++14";
				CLANG_CXX_LIBRARY = "libc++";
				CLANG_ENABLE_MODULES = YES;
				CLANG_ENABLE_OBJC_ARC = YES;
				CLANG_ENABLE_OBJC_WEAK = YES;
				CLANG_WARN_BLOCK_CAPTURE_AUTORELEASING = YES;
				CLANG_WARN_BOOL_CONVERSION = YES;
				CLANG_WARN_COMMA = YES;
				CLANG_WARN_CONSTANT_CONVERSION = YES;
				CLANG_WARN_DEPRECATED_OBJC_IMPLEMENTATIONS = YES;
				CLANG_WARN_DIRECT_OBJC_ISA_USAGE = YES_ERROR;
				CLANG_WARN_DOCUMENTATION_COMMENTS = YES;
				CLANG_WARN_EMPTY_BODY = YES;
				CLANG_WARN_ENUM_CONVERSION = YES;
				CLANG_WARN_INFINITE_RECURSION = YES;
				CLANG_WARN_INT_CONVERSION = YES;
				CLANG_WARN_NON_LITERAL_NULL_CONVERSION = YES;
				CLANG_WARN_OBJC_IMPLICIT_RETAIN_SELF = YES;
				CLANG_WARN_OBJC_LITERAL_CONVERSION = YES;
				CLANG_WARN_OBJC_ROOT_CLASS = YES_ERROR;
				CLANG_WARN_QUOTED_INCLUDE_IN_FRAMEWORK_HEADER = YES;
				CLANG_WARN_RANGE_LOOP_ANALYSIS = YES;
				CLANG_WARN_STRICT_PROTOTYPES = YES;
				CLANG_WARN_SUSPICIOUS_MOVE = YES;
				CLANG_WARN_UNGUARDED_AVAILABILITY = YES_AGGRESSIVE;
				CLANG_WARN_UNREACHABLE_CODE = YES;
				CLANG_WARN__DUPLICATE_METHOD_MATCH = YES;
				COPY_PHASE_STRIP = NO;
				DEBUG_INFORMATION_FORMAT = dwarf;
				ENABLE_STRICT_OBJC_MSGSEND = YES;
				ENABLE_TESTABILITY = YES;
				GCC_C_LANGUAGE_STANDARD = gnu11;
				GCC_DYNAMIC_NO_PIC = NO;
				GCC_NO_COMMON_BLOCKS = YES;
				GCC_OPTIMIZATION_LEVEL = 0;
				GCC_PREPROCESSOR_DEFINITIONS = (
					"DEBUG=1",
					"$(inherited)",
				);
				GCC_WARN_64_TO_32_BIT_CONVERSION = YES;
				GCC_WARN_ABOUT_RETURN_TYPE = YES_ERROR;
				GCC_WARN_UNDECLARED_SELECTOR = YES;
				GCC_WARN_UNINITIALIZED_AUTOS = YES_AGGRESSIVE;
				GCC_WARN_UNUSED_FUNCTION = YES;
				GCC_WARN_UNUSED_VARIABLE = YES;
				IPHONEOS_DEPLOYMENT_TARGET = 14.0;
				MTL_ENABLE_DEBUG_INFO = INCLUDE_SOURCE;
				MTL_FAST_MATH = YES;
				ONLY_ACTIVE_ARCH = YES;
				SDKROOT = iphoneos;
				SWIFT_ACTIVE_COMPILATION_CONDITIONS = DEBUG;
				SWIFT_OPTIMIZATION_LEVEL = "-Onone";
			};
			name = Debug;
		};
		71525BCA2566390D00A61206 /* Release */ = {
			isa = XCBuildConfiguration;
			buildSettings = {
				ALWAYS_SEARCH_USER_PATHS = NO;
				CLANG_ANALYZER_NONNULL = YES;
				CLANG_ANALYZER_NUMBER_OBJECT_CONVERSION = YES_AGGRESSIVE;
				CLANG_CXX_LANGUAGE_STANDARD = "gnu++14";
				CLANG_CXX_LIBRARY = "libc++";
				CLANG_ENABLE_MODULES = YES;
				CLANG_ENABLE_OBJC_ARC = YES;
				CLANG_ENABLE_OBJC_WEAK = YES;
				CLANG_WARN_BLOCK_CAPTURE_AUTORELEASING = YES;
				CLANG_WARN_BOOL_CONVERSION = YES;
				CLANG_WARN_COMMA = YES;
				CLANG_WARN_CONSTANT_CONVERSION = YES;
				CLANG_WARN_DEPRECATED_OBJC_IMPLEMENTATIONS = YES;
				CLANG_WARN_DIRECT_OBJC_ISA_USAGE = YES_ERROR;
				CLANG_WARN_DOCUMENTATION_COMMENTS = YES;
				CLANG_WARN_EMPTY_BODY = YES;
				CLANG_WARN_ENUM_CONVERSION = YES;
				CLANG_WARN_INFINITE_RECURSION = YES;
				CLANG_WARN_INT_CONVERSION = YES;
				CLANG_WARN_NON_LITERAL_NULL_CONVERSION = YES;
				CLANG_WARN_OBJC_IMPLICIT_RETAIN_SELF = YES;
				CLANG_WARN_OBJC_LITERAL_CONVERSION = YES;
				CLANG_WARN_OBJC_ROOT_CLASS = YES_ERROR;
				CLANG_WARN_QUOTED_INCLUDE_IN_FRAMEWORK_HEADER = YES;
				CLANG_WARN_RANGE_LOOP_ANALYSIS = YES;
				CLANG_WARN_STRICT_PROTOTYPES = YES;
				CLANG_WARN_SUSPICIOUS_MOVE = YES;
				CLANG_WARN_UNGUARDED_AVAILABILITY = YES_AGGRESSIVE;
				CLANG_WARN_UNREACHABLE_CODE = YES;
				CLANG_WARN__DUPLICATE_METHOD_MATCH = YES;
				COPY_PHASE_STRIP = NO;
				DEBUG_INFORMATION_FORMAT = "dwarf-with-dsym";
				ENABLE_NS_ASSERTIONS = NO;
				ENABLE_STRICT_OBJC_MSGSEND = YES;
				GCC_C_LANGUAGE_STANDARD = gnu11;
				GCC_NO_COMMON_BLOCKS = YES;
				GCC_WARN_64_TO_32_BIT_CONVERSION = YES;
				GCC_WARN_ABOUT_RETURN_TYPE = YES_ERROR;
				GCC_WARN_UNDECLARED_SELECTOR = YES;
				GCC_WARN_UNINITIALIZED_AUTOS = YES_AGGRESSIVE;
				GCC_WARN_UNUSED_FUNCTION = YES;
				GCC_WARN_UNUSED_VARIABLE = YES;
				IPHONEOS_DEPLOYMENT_TARGET = 14.0;
				MTL_ENABLE_DEBUG_INFO = NO;
				MTL_FAST_MATH = YES;
				SDKROOT = iphoneos;
				SWIFT_COMPILATION_MODE = wholemodule;
				SWIFT_OPTIMIZATION_LEVEL = "-O";
				VALIDATE_PRODUCT = YES;
			};
			name = Release;
		};
		71525BCC2566390D00A61206 /* Debug */ = {
			isa = XCBuildConfiguration;
			baseConfigurationReference = F783786F608EB62FDA9B206A /* Pods-TestingSVProgress.debug.xcconfig */;
			buildSettings = {
				ASSETCATALOG_COMPILER_APPICON_NAME = AppIcon;
				ASSETCATALOG_COMPILER_GLOBAL_ACCENT_COLOR_NAME = AccentColor;
				CODE_SIGN_STYLE = Automatic;
				INFOPLIST_FILE = TestingSVProgress/Info.plist;
				LD_RUNPATH_SEARCH_PATHS = (
					"$(inherited)",
					"@executable_path/Frameworks",
				);
				PRODUCT_BUNDLE_IDENTIFIER = AbhiramKrishna.TestingSVProgress;
				PRODUCT_NAME = "$(TARGET_NAME)";
				SWIFT_VERSION = 5.0;
				TARGETED_DEVICE_FAMILY = "1,2";
			};
			name = Debug;
		};
		71525BCD2566390D00A61206 /* Release */ = {
			isa = XCBuildConfiguration;
			baseConfigurationReference = 573DF9B27FF26A3D23A51814 /* Pods-TestingSVProgress.release.xcconfig */;
			buildSettings = {
				ASSETCATALOG_COMPILER_APPICON_NAME = AppIcon;
				ASSETCATALOG_COMPILER_GLOBAL_ACCENT_COLOR_NAME = AccentColor;
				CODE_SIGN_STYLE = Automatic;
				INFOPLIST_FILE = TestingSVProgress/Info.plist;
				LD_RUNPATH_SEARCH_PATHS = (
					"$(inherited)",
					"@executable_path/Frameworks",
				);
				PRODUCT_BUNDLE_IDENTIFIER = AbhiramKrishna.TestingSVProgress;
				PRODUCT_NAME = "$(TARGET_NAME)";
				SWIFT_VERSION = 5.0;
				TARGETED_DEVICE_FAMILY = "1,2";
			};
			name = Release;
		};
/* End XCBuildConfiguration section */

/* Begin XCConfigurationList section */
		71525BB22566390A00A61206 /* Build configuration list for PBXProject "TestingSVProgress" */ = {
			isa = XCConfigurationList;
			buildConfigurations = (
				71525BC92566390D00A61206 /* Debug */,
				71525BCA2566390D00A61206 /* Release */,
			);
			defaultConfigurationIsVisible = 0;
			defaultConfigurationName = Release;
		};
		71525BCB2566390D00A61206 /* Build configuration list for PBXNativeTarget "TestingSVProgress" */ = {
			isa = XCConfigurationList;
			buildConfigurations = (
				71525BCC2566390D00A61206 /* Debug */,
				71525BCD2566390D00A61206 /* Release */,
			);
			defaultConfigurationIsVisible = 0;
			defaultConfigurationName = Release;
		};
/* End XCConfigurationList section */
	};
	rootObject = 71525BAF2566390A00A61206 /* Project object */;
}
