// !$*UTF8*$!
{
	archiveVersion = 1;
	classes = {
	};
	objectVersion = 50;
	objects = {

/* Begin PBXBuildFile section */
		713599B8259A959B004741C2 /* Model-V1-to-V3.xcmappingmodel in Sources */ = {isa = PBXBuildFile; fileRef = 713599B7259A959B004741C2 /* Model-V1-to-V3.xcmappingmodel */; };
		713599BB259A9686004741C2 /* LocationMigrationV1toV3.swift in Sources */ = {isa = PBXBuildFile; fileRef = 713599BA259A9686004741C2 /* LocationMigrationV1toV3.swift */; };
		7136DD7025A68C1500F82358 /* EditPersonViewController.swift in Sources */ = {isa = PBXBuildFile; fileRef = 7136DD6F25A68C1500F82358 /* EditPersonViewController.swift */; };
		7136DD7325A692FB00F82358 /* SuggestionNameCell.swift in Sources */ = {isa = PBXBuildFile; fileRef = 7136DD7225A692FB00F82358 /* SuggestionNameCell.swift */; };
		7136DD7E25A6A15300F82358 /* Person+CoreDataClass.swift in Sources */ = {isa = PBXBuildFile; fileRef = 7136DD7A25A6A15300F82358 /* Person+CoreDataClass.swift */; };
		7136DD7F25A6A15300F82358 /* Person+CoreDataProperties.swift in Sources */ = {isa = PBXBuildFile; fileRef = 7136DD7B25A6A15300F82358 /* Person+CoreDataProperties.swift */; };
		7136DD8025A6A15300F82358 /* Family+CoreDataClass.swift in Sources */ = {isa = PBXBuildFile; fileRef = 7136DD7C25A6A15300F82358 /* Family+CoreDataClass.swift */; };
		7136DD8125A6A15300F82358 /* Family+CoreDataProperties.swift in Sources */ = {isa = PBXBuildFile; fileRef = 7136DD7D25A6A15300F82358 /* Family+CoreDataProperties.swift */; };
		714DEAB3259A4B8C004D1302 /* CoreDataManager.swift in Sources */ = {isa = PBXBuildFile; fileRef = 714DEAB2259A4B8C004D1302 /* CoreDataManager.swift */; };
		716C969025983AF00096BF9B /* AppDelegate.swift in Sources */ = {isa = PBXBuildFile; fileRef = 716C968F25983AF00096BF9B /* AppDelegate.swift */; };
		716C969225983AF00096BF9B /* SceneDelegate.swift in Sources */ = {isa = PBXBuildFile; fileRef = 716C969125983AF00096BF9B /* SceneDelegate.swift */; };
		716C969425983AF00096BF9B /* ListViewController.swift in Sources */ = {isa = PBXBuildFile; fileRef = 716C969325983AF00096BF9B /* ListViewController.swift */; };
		716C969725983AF00096BF9B /* Main.storyboard in Resources */ = {isa = PBXBuildFile; fileRef = 716C969525983AF00096BF9B /* Main.storyboard */; };
		716C969A25983AF00096BF9B /* CoreDataTest.xcdatamodeld in Sources */ = {isa = PBXBuildFile; fileRef = 716C969825983AF00096BF9B /* CoreDataTest.xcdatamodeld */; };
		716C969C25983AF40096BF9B /* Assets.xcassets in Resources */ = {isa = PBXBuildFile; fileRef = 716C969B25983AF40096BF9B /* Assets.xcassets */; };
		716C969F25983AF40096BF9B /* LaunchScreen.storyboard in Resources */ = {isa = PBXBuildFile; fileRef = 716C969D25983AF40096BF9B /* LaunchScreen.storyboard */; };
		716C96AE25983D7A0096BF9B /* ListCell.swift in Sources */ = {isa = PBXBuildFile; fileRef = 716C96AD25983D7A0096BF9B /* ListCell.swift */; };
		716C96BC259841470096BF9B /* AddPersonViewController.swift in Sources */ = {isa = PBXBuildFile; fileRef = 716C96BB259841470096BF9B /* AddPersonViewController.swift */; };
		716C96C0259864780096BF9B /* DetailsViewController.swift in Sources */ = {isa = PBXBuildFile; fileRef = 716C96BF259864780096BF9B /* DetailsViewController.swift */; };
/* End PBXBuildFile section */

/* Begin PBXFileReference section */
		7135999B259A85C0004741C2 /* CoreDataTest v2.xcdatamodel */ = {isa = PBXFileReference; lastKnownFileType = wrapper.xcdatamodel; path = "CoreDataTest v2.xcdatamodel"; sourceTree = "<group>"; };
		713599A9259A930A004741C2 /* CoreDataTest 3.xcdatamodel */ = {isa = PBXFileReference; lastKnownFileType = wrapper.xcdatamodel; path = "CoreDataTest 3.xcdatamodel"; sourceTree = "<group>"; };
		713599B7259A959B004741C2 /* Model-V1-to-V3.xcmappingmodel */ = {isa = PBXFileReference; lastKnownFileType = wrapper.xcmappingmodel; path = "Model-V1-to-V3.xcmappingmodel"; sourceTree = "<group>"; };
		713599BA259A9686004741C2 /* LocationMigrationV1toV3.swift */ = {isa = PBXFileReference; lastKnownFileType = sourcecode.swift; path = LocationMigrationV1toV3.swift; sourceTree = "<group>"; };
		7136DD6F25A68C1500F82358 /* EditPersonViewController.swift */ = {isa = PBXFileReference; lastKnownFileType = sourcecode.swift; path = EditPersonViewController.swift; sourceTree = "<group>"; };
		7136DD7225A692FB00F82358 /* SuggestionNameCell.swift */ = {isa = PBXFileReference; lastKnownFileType = sourcecode.swift; path = SuggestionNameCell.swift; sourceTree = "<group>"; };
		7136DD7A25A6A15300F82358 /* Person+CoreDataClass.swift */ = {isa = PBXFileReference; lastKnownFileType = sourcecode.swift; path = "Person+CoreDataClass.swift"; sourceTree = "<group>"; };
		7136DD7B25A6A15300F82358 /* Person+CoreDataProperties.swift */ = {isa = PBXFileReference; lastKnownFileType = sourcecode.swift; path = "Person+CoreDataProperties.swift"; sourceTree = "<group>"; };
		7136DD7C25A6A15300F82358 /* Family+CoreDataClass.swift */ = {isa = PBXFileReference; lastKnownFileType = sourcecode.swift; path = "Family+CoreDataClass.swift"; sourceTree = "<group>"; };
		7136DD7D25A6A15300F82358 /* Family+CoreDataProperties.swift */ = {isa = PBXFileReference; lastKnownFileType = sourcecode.swift; path = "Family+CoreDataProperties.swift"; sourceTree = "<group>"; };
		714DEAB2259A4B8C004D1302 /* CoreDataManager.swift */ = {isa = PBXFileReference; lastKnownFileType = sourcecode.swift; path = CoreDataManager.swift; sourceTree = "<group>"; };
		716C968C25983AF00096BF9B /* CoreDataTest.app */ = {isa = PBXFileReference; explicitFileType = wrapper.application; includeInIndex = 0; path = CoreDataTest.app; sourceTree = BUILT_PRODUCTS_DIR; };
		716C968F25983AF00096BF9B /* AppDelegate.swift */ = {isa = PBXFileReference; lastKnownFileType = sourcecode.swift; path = AppDelegate.swift; sourceTree = "<group>"; };
		716C969125983AF00096BF9B /* SceneDelegate.swift */ = {isa = PBXFileReference; lastKnownFileType = sourcecode.swift; path = SceneDelegate.swift; sourceTree = "<group>"; };
		716C969325983AF00096BF9B /* ListViewController.swift */ = {isa = PBXFileReference; lastKnownFileType = sourcecode.swift; path = ListViewController.swift; sourceTree = "<group>"; };
		716C969625983AF00096BF9B /* Base */ = {isa = PBXFileReference; lastKnownFileType = file.storyboard; name = Base; path = Base.lproj/Main.storyboard; sourceTree = "<group>"; };
		716C969925983AF00096BF9B /* CoreDataTest.xcdatamodel */ = {isa = PBXFileReference; lastKnownFileType = wrapper.xcdatamodel; path = CoreDataTest.xcdatamodel; sourceTree = "<group>"; };
		716C969B25983AF40096BF9B /* Assets.xcassets */ = {isa = PBXFileReference; lastKnownFileType = folder.assetcatalog; path = Assets.xcassets; sourceTree = "<group>"; };
		716C969E25983AF40096BF9B /* Base */ = {isa = PBXFileReference; lastKnownFileType = file.storyboard; name = Base; path = Base.lproj/LaunchScreen.storyboard; sourceTree = "<group>"; };
		716C96A025983AF40096BF9B /* Info.plist */ = {isa = PBXFileReference; lastKnownFileType = text.plist.xml; path = Info.plist; sourceTree = "<group>"; };
		716C96AD25983D7A0096BF9B /* ListCell.swift */ = {isa = PBXFileReference; lastKnownFileType = sourcecode.swift; path = ListCell.swift; sourceTree = "<group>"; };
		716C96BB259841470096BF9B /* AddPersonViewController.swift */ = {isa = PBXFileReference; lastKnownFileType = sourcecode.swift; path = AddPersonViewController.swift; sourceTree = "<group>"; };
		716C96BF259864780096BF9B /* DetailsViewController.swift */ = {isa = PBXFileReference; lastKnownFileType = sourcecode.swift; path = DetailsViewController.swift; sourceTree = "<group>"; };
/* End PBXFileReference section */

/* Begin PBXFrameworksBuildPhase section */
		716C968925983AF00096BF9B /* Frameworks */ = {
			isa = PBXFrameworksBuildPhase;
			buildActionMask = 2147483647;
			files = (
			);
			runOnlyForDeploymentPostprocessing = 0;
		};
/* End PBXFrameworksBuildPhase section */

/* Begin PBXGroup section */
		7136DD7525A6942D00F82358 /* View Controllers */ = {
			isa = PBXGroup;
			children = (
				716C969325983AF00096BF9B /* ListViewController.swift */,
				716C96BB259841470096BF9B /* AddPersonViewController.swift */,
				716C96BF259864780096BF9B /* DetailsViewController.swift */,
				7136DD6F25A68C1500F82358 /* EditPersonViewController.swift */,
			);
			path = "View Controllers";
			sourceTree = "<group>";
		};
		7136DD7625A6945600F82358 /* Cells */ = {
			isa = PBXGroup;
			children = (
				716C96AD25983D7A0096BF9B /* ListCell.swift */,
				7136DD7225A692FB00F82358 /* SuggestionNameCell.swift */,
			);
			path = Cells;
			sourceTree = "<group>";
		};
		716C968325983AF00096BF9B = {
			isa = PBXGroup;
			children = (
				716C968E25983AF00096BF9B /* CoreDataTest */,
				716C968D25983AF00096BF9B /* Products */,
			);
			sourceTree = "<group>";
		};
		716C968D25983AF00096BF9B /* Products */ = {
			isa = PBXGroup;
			children = (
				716C968C25983AF00096BF9B /* CoreDataTest.app */,
			);
			name = Products;
			sourceTree = "<group>";
		};
		716C968E25983AF00096BF9B /* CoreDataTest */ = {
			isa = PBXGroup;
			children = (
				7136DD7625A6945600F82358 /* Cells */,
				7136DD7525A6942D00F82358 /* View Controllers */,
				716C96B925983F1F0096BF9B /* Models */,
				716C968F25983AF00096BF9B /* AppDelegate.swift */,
				716C969125983AF00096BF9B /* SceneDelegate.swift */,
				716C969525983AF00096BF9B /* Main.storyboard */,
				716C969B25983AF40096BF9B /* Assets.xcassets */,
				716C969D25983AF40096BF9B /* LaunchScreen.storyboard */,
				716C96A025983AF40096BF9B /* Info.plist */,
				716C969825983AF00096BF9B /* CoreDataTest.xcdatamodeld */,
				714DEAB2259A4B8C004D1302 /* CoreDataManager.swift */,
				713599B7259A959B004741C2 /* Model-V1-to-V3.xcmappingmodel */,
				713599BA259A9686004741C2 /* LocationMigrationV1toV3.swift */,
			);
			path = CoreDataTest;
			sourceTree = "<group>";
		};
		716C96B925983F1F0096BF9B /* Models */ = {
			isa = PBXGroup;
			children = (
				7136DD7A25A6A15300F82358 /* Person+CoreDataClass.swift */,
				7136DD7B25A6A15300F82358 /* Person+CoreDataProperties.swift */,
				7136DD7C25A6A15300F82358 /* Family+CoreDataClass.swift */,
				7136DD7D25A6A15300F82358 /* Family+CoreDataProperties.swift */,
			);
			path = Models;
			sourceTree = "<group>";
		};
/* End PBXGroup section */

/* Begin PBXNativeTarget section */
		716C968B25983AF00096BF9B /* CoreDataTest */ = {
			isa = PBXNativeTarget;
			buildConfigurationList = 716C96A325983AF40096BF9B /* Build configuration list for PBXNativeTarget "CoreDataTest" */;
			buildPhases = (
				716C968825983AF00096BF9B /* Sources */,
				716C968925983AF00096BF9B /* Frameworks */,
				716C968A25983AF00096BF9B /* Resources */,
			);
			buildRules = (
			);
			dependencies = (
			);
			name = CoreDataTest;
			productName = CoreDataTest;
			productReference = 716C968C25983AF00096BF9B /* CoreDataTest.app */;
			productType = "com.apple.product-type.application";
		};
/* End PBXNativeTarget section */

/* Begin PBXProject section */
		716C968425983AF00096BF9B /* Project object */ = {
			isa = PBXProject;
			attributes = {
				LastSwiftUpdateCheck = 1200;
				LastUpgradeCheck = 1200;
				TargetAttributes = {
					716C968B25983AF00096BF9B = {
						CreatedOnToolsVersion = 12.0.1;
					};
				};
			};
			buildConfigurationList = 716C968725983AF00096BF9B /* Build configuration list for PBXProject "CoreDataTest" */;
			compatibilityVersion = "Xcode 9.3";
			developmentRegion = en;
			hasScannedForEncodings = 0;
			knownRegions = (
				en,
				Base,
			);
			mainGroup = 716C968325983AF00096BF9B;
			productRefGroup = 716C968D25983AF00096BF9B /* Products */;
			projectDirPath = "";
			projectRoot = "";
			targets = (
				716C968B25983AF00096BF9B /* CoreDataTest */,
			);
		};
/* End PBXProject section */

/* Begin PBXResourcesBuildPhase section */
		716C968A25983AF00096BF9B /* Resources */ = {
			isa = PBXResourcesBuildPhase;
			buildActionMask = 2147483647;
			files = (
				716C969F25983AF40096BF9B /* LaunchScreen.storyboard in Resources */,
				716C969C25983AF40096BF9B /* Assets.xcassets in Resources */,
				716C969725983AF00096BF9B /* Main.storyboard in Resources */,
			);
			runOnlyForDeploymentPostprocessing = 0;
		};
/* End PBXResourcesBuildPhase section */

/* Begin PBXSourcesBuildPhase section */
		716C968825983AF00096BF9B /* Sources */ = {
			isa = PBXSourcesBuildPhase;
			buildActionMask = 2147483647;
			files = (
				7136DD7F25A6A15300F82358 /* Person+CoreDataProperties.swift in Sources */,
				7136DD8025A6A15300F82358 /* Family+CoreDataClass.swift in Sources */,
				716C969A25983AF00096BF9B /* CoreDataTest.xcdatamodeld in Sources */,
				716C969425983AF00096BF9B /* ListViewController.swift in Sources */,
				716C96C0259864780096BF9B /* DetailsViewController.swift in Sources */,
				714DEAB3259A4B8C004D1302 /* CoreDataManager.swift in Sources */,
				713599B8259A959B004741C2 /* Model-V1-to-V3.xcmappingmodel in Sources */,
				7136DD8125A6A15300F82358 /* Family+CoreDataProperties.swift in Sources */,
				7136DD7025A68C1500F82358 /* EditPersonViewController.swift in Sources */,
				716C969025983AF00096BF9B /* AppDelegate.swift in Sources */,
				7136DD7325A692FB00F82358 /* SuggestionNameCell.swift in Sources */,
				716C96AE25983D7A0096BF9B /* ListCell.swift in Sources */,
				716C969225983AF00096BF9B /* SceneDelegate.swift in Sources */,
				7136DD7E25A6A15300F82358 /* Person+CoreDataClass.swift in Sources */,
				716C96BC259841470096BF9B /* AddPersonViewController.swift in Sources */,
				713599BB259A9686004741C2 /* LocationMigrationV1toV3.swift in Sources */,
			);
			runOnlyForDeploymentPostprocessing = 0;
		};
/* End PBXSourcesBuildPhase section */

/* Begin PBXVariantGroup section */
		716C969525983AF00096BF9B /* Main.storyboard */ = {
			isa = PBXVariantGroup;
			children = (
				716C969625983AF00096BF9B /* Base */,
			);
			name = Main.storyboard;
			sourceTree = "<group>";
		};
		716C969D25983AF40096BF9B /* LaunchScreen.storyboard */ = {
			isa = PBXVariantGroup;
			children = (
				716C969E25983AF40096BF9B /* Base */,
			);
			name = LaunchScreen.storyboard;
			sourceTree = "<group>";
		};
/* End PBXVariantGroup section */

/* Begin XCBuildConfiguration section */
		716C96A125983AF40096BF9B /* Debug */ = {
			isa = XCBuildConfiguration;
			buildSettings = {
				ALWAYS_SEARCH_USER_PATHS = NO;
				CLANG_ANALYZER_NONNULL = YES;
				CLANG_ANALYZER_NUMBER_OBJECT_CONVERSION = YES_AGGRESSIVE;
				CLANG_CXX_LANGUAGE_STANDARD = "gnu++14";
				CLANG_CXX_LIBRARY = "libc++";
				CLANG_ENABLE_MODULES = YES;
				CLANG_ENABLE_OBJC_ARC = YES;
				CLANG_ENABLE_OBJC_WEAK = YES;
				CLANG_WARN_BLOCK_CAPTURE_AUTORELEASING = YES;
				CLANG_WARN_BOOL_CONVERSION = YES;
				CLANG_WARN_COMMA = YES;
				CLANG_WARN_CONSTANT_CONVERSION = YES;
				CLANG_WARN_DEPRECATED_OBJC_IMPLEMENTATIONS = YES;
				CLANG_WARN_DIRECT_OBJC_ISA_USAGE = YES_ERROR;
				CLANG_WARN_DOCUMENTATION_COMMENTS = YES;
				CLANG_WARN_EMPTY_BODY = YES;
				CLANG_WARN_ENUM_CONVERSION = YES;
				CLANG_WARN_INFINITE_RECURSION = YES;
				CLANG_WARN_INT_CONVERSION = YES;
				CLANG_WARN_NON_LITERAL_NULL_CONVERSION = YES;
				CLANG_WARN_OBJC_IMPLICIT_RETAIN_SELF = YES;
				CLANG_WARN_OBJC_LITERAL_CONVERSION = YES;
				CLANG_WARN_OBJC_ROOT_CLASS = YES_ERROR;
				CLANG_WARN_QUOTED_INCLUDE_IN_FRAMEWORK_HEADER = YES;
				CLANG_WARN_RANGE_LOOP_ANALYSIS = YES;
				CLANG_WARN_STRICT_PROTOTYPES = YES;
				CLANG_WARN_SUSPICIOUS_MOVE = YES;
				CLANG_WARN_UNGUARDED_AVAILABILITY = YES_AGGRESSIVE;
				CLANG_WARN_UNREACHABLE_CODE = YES;
				CLANG_WARN__DUPLICATE_METHOD_MATCH = YES;
				COPY_PHASE_STRIP = NO;
				DEBUG_INFORMATION_FORMAT = dwarf;
				ENABLE_STRICT_OBJC_MSGSEND = YES;
				ENABLE_TESTABILITY = YES;
				GCC_C_LANGUAGE_STANDARD = gnu11;
				GCC_DYNAMIC_NO_PIC = NO;
				GCC_NO_COMMON_BLOCKS = YES;
				GCC_OPTIMIZATION_LEVEL = 0;
				GCC_PREPROCESSOR_DEFINITIONS = (
					"DEBUG=1",
					"$(inherited)",
				);
				GCC_WARN_64_TO_32_BIT_CONVERSION = YES;
				GCC_WARN_ABOUT_RETURN_TYPE = YES_ERROR;
				GCC_WARN_UNDECLARED_SELECTOR = YES;
				GCC_WARN_UNINITIALIZED_AUTOS = YES_AGGRESSIVE;
				GCC_WARN_UNUSED_FUNCTION = YES;
				GCC_WARN_UNUSED_VARIABLE = YES;
				IPHONEOS_DEPLOYMENT_TARGET = 14.0;
				MTL_ENABLE_DEBUG_INFO = INCLUDE_SOURCE;
				MTL_FAST_MATH = YES;
				ONLY_ACTIVE_ARCH = YES;
				SDKROOT = iphoneos;
				SWIFT_ACTIVE_COMPILATION_CONDITIONS = DEBUG;
				SWIFT_OPTIMIZATION_LEVEL = "-Onone";
			};
			name = Debug;
		};
		716C96A225983AF40096BF9B /* Release */ = {
			isa = XCBuildConfiguration;
			buildSettings = {
				ALWAYS_SEARCH_USER_PATHS = NO;
				CLANG_ANALYZER_NONNULL = YES;
				CLANG_ANALYZER_NUMBER_OBJECT_CONVERSION = YES_AGGRESSIVE;
				CLANG_CXX_LANGUAGE_STANDARD = "gnu++14";
				CLANG_CXX_LIBRARY = "libc++";
				CLANG_ENABLE_MODULES = YES;
				CLANG_ENABLE_OBJC_ARC = YES;
				CLANG_ENABLE_OBJC_WEAK = YES;
				CLANG_WARN_BLOCK_CAPTURE_AUTORELEASING = YES;
				CLANG_WARN_BOOL_CONVERSION = YES;
				CLANG_WARN_COMMA = YES;
				CLANG_WARN_CONSTANT_CONVERSION = YES;
				CLANG_WARN_DEPRECATED_OBJC_IMPLEMENTATIONS = YES;
				CLANG_WARN_DIRECT_OBJC_ISA_USAGE = YES_ERROR;
				CLANG_WARN_DOCUMENTATION_COMMENTS = YES;
				CLANG_WARN_EMPTY_BODY = YES;
				CLANG_WARN_ENUM_CONVERSION = YES;
				CLANG_WARN_INFINITE_RECURSION = YES;
				CLANG_WARN_INT_CONVERSION = YES;
				CLANG_WARN_NON_LITERAL_NULL_CONVERSION = YES;
				CLANG_WARN_OBJC_IMPLICIT_RETAIN_SELF = YES;
				CLANG_WARN_OBJC_LITERAL_CONVERSION = YES;
				CLANG_WARN_OBJC_ROOT_CLASS = YES_ERROR;
				CLANG_WARN_QUOTED_INCLUDE_IN_FRAMEWORK_HEADER = YES;
				CLANG_WARN_RANGE_LOOP_ANALYSIS = YES;
				CLANG_WARN_STRICT_PROTOTYPES = YES;
				CLANG_WARN_SUSPICIOUS_MOVE = YES;
				CLANG_WARN_UNGUARDED_AVAILABILITY = YES_AGGRESSIVE;
				CLANG_WARN_UNREACHABLE_CODE = YES;
				CLANG_WARN__DUPLICATE_METHOD_MATCH = YES;
				COPY_PHASE_STRIP = NO;
				DEBUG_INFORMATION_FORMAT = "dwarf-with-dsym";
				ENABLE_NS_ASSERTIONS = NO;
				ENABLE_STRICT_OBJC_MSGSEND = YES;
				GCC_C_LANGUAGE_STANDARD = gnu11;
				GCC_NO_COMMON_BLOCKS = YES;
				GCC_WARN_64_TO_32_BIT_CONVERSION = YES;
				GCC_WARN_ABOUT_RETURN_TYPE = YES_ERROR;
				GCC_WARN_UNDECLARED_SELECTOR = YES;
				GCC_WARN_UNINITIALIZED_AUTOS = YES_AGGRESSIVE;
				GCC_WARN_UNUSED_FUNCTION = YES;
				GCC_WARN_UNUSED_VARIABLE = YES;
				IPHONEOS_DEPLOYMENT_TARGET = 14.0;
				MTL_ENABLE_DEBUG_INFO = NO;
				MTL_FAST_MATH = YES;
				SDKROOT = iphoneos;
				SWIFT_COMPILATION_MODE = wholemodule;
				SWIFT_OPTIMIZATION_LEVEL = "-O";
				VALIDATE_PRODUCT = YES;
			};
			name = Release;
		};
		716C96A425983AF40096BF9B /* Debug */ = {
			isa = XCBuildConfiguration;
			buildSettings = {
				ASSETCATALOG_COMPILER_APPICON_NAME = AppIcon;
				ASSETCATALOG_COMPILER_GLOBAL_ACCENT_COLOR_NAME = AccentColor;
				CODE_SIGN_STYLE = Automatic;
				INFOPLIST_FILE = CoreDataTest/Info.plist;
				LD_RUNPATH_SEARCH_PATHS = (
					"$(inherited)",
					"@executable_path/Frameworks",
				);
				PRODUCT_BUNDLE_IDENTIFIER = AbhiramKrishna.CoreDataTest;
				PRODUCT_NAME = "$(TARGET_NAME)";
				SWIFT_VERSION = 5.0;
				TARGETED_DEVICE_FAMILY = "1,2";
			};
			name = Debug;
		};
		716C96A525983AF40096BF9B /* Release */ = {
			isa = XCBuildConfiguration;
			buildSettings = {
				ASSETCATALOG_COMPILER_APPICON_NAME = AppIcon;
				ASSETCATALOG_COMPILER_GLOBAL_ACCENT_COLOR_NAME = AccentColor;
				CODE_SIGN_STYLE = Automatic;
				INFOPLIST_FILE = CoreDataTest/Info.plist;
				LD_RUNPATH_SEARCH_PATHS = (
					"$(inherited)",
					"@executable_path/Frameworks",
				);
				PRODUCT_BUNDLE_IDENTIFIER = AbhiramKrishna.CoreDataTest;
				PRODUCT_NAME = "$(TARGET_NAME)";
				SWIFT_VERSION = 5.0;
				TARGETED_DEVICE_FAMILY = "1,2";
			};
			name = Release;
		};
/* End XCBuildConfiguration section */

/* Begin XCConfigurationList section */
		716C968725983AF00096BF9B /* Build configuration list for PBXProject "CoreDataTest" */ = {
			isa = XCConfigurationList;
			buildConfigurations = (
				716C96A125983AF40096BF9B /* Debug */,
				716C96A225983AF40096BF9B /* Release */,
			);
			defaultConfigurationIsVisible = 0;
			defaultConfigurationName = Release;
		};
		716C96A325983AF40096BF9B /* Build configuration list for PBXNativeTarget "CoreDataTest" */ = {
			isa = XCConfigurationList;
			buildConfigurations = (
				716C96A425983AF40096BF9B /* Debug */,
				716C96A525983AF40096BF9B /* Release */,
			);
			defaultConfigurationIsVisible = 0;
			defaultConfigurationName = Release;
		};
/* End XCConfigurationList section */

/* Begin XCVersionGroup section */
		716C969825983AF00096BF9B /* CoreDataTest.xcdatamodeld */ = {
			isa = XCVersionGroup;
			children = (
				713599A9259A930A004741C2 /* CoreDataTest 3.xcdatamodel */,
				7135999B259A85C0004741C2 /* CoreDataTest v2.xcdatamodel */,
				716C969925983AF00096BF9B /* CoreDataTest.xcdatamodel */,
			);
			currentVersion = 716C969925983AF00096BF9B /* CoreDataTest.xcdatamodel */;
			path = CoreDataTest.xcdatamodeld;
			sourceTree = "<group>";
			versionGroupType = wrapper.xcdatamodel;
		};
/* End XCVersionGroup section */
	};
	rootObject = 716C968425983AF00096BF9B /* Project object */;
}
